
Microsoft Visual Studio Solution File, Format Version 12.00
# Visual Studio Version 16
VisualStudioVersion = 16.0.29709.97
MinimumVisualStudioVersion = 10.0.40219.1
Project("{FAE04EC0-301F-11D3-BF4B-00C04F79EFBC}") = "GoogleDynamicDNS", "GoogleDynamicDNS\GoogleDynamicDNS.csproj", "{D7E6B017-DF6E-4353-9E02-C5B49C248221}"
EndProject
Global
	GlobalSection(SolutionConfigurationPlatforms) = preSolution
		Debug|Any CPU = Debug|Any CPU
		Release|Any CPU = Release|Any CPU
	EndGlobalSection
	GlobalSection(ProjectConfigurationPlatforms) = postSolution
		{D7E6B017-DF6E-4353-9E02-C5B49C248221}.Debug|Any CPU.ActiveCfg = Debug|Any CPU
		{D7E6B017-DF6E-4353-9E02-C5B49C248221}.Debug|Any CPU.Build.0 = Debug|Any CPU
		{D7E6B017-DF6E-4353-9E02-C5B49C248221}.Release|Any CPU.ActiveCfg = Release|Any CPU
		{D7E6B017-DF6E-4353-9E02-C5B49C248221}.Release|Any CPU.Build.0 = Release|Any CPU
	EndGlobalSection
	GlobalSection(SolutionProperties) = preSolution
		HideSolutionNode = FALSE
	EndGlobalSection
	GlobalSection(ExtensibilityGlobals) = postSolution
		SolutionGuid = {39B861C6-9B3A-4503-BB0D-8E52CC57EED5}
	EndGlobalSection
EndGlobal
